
Microsoft Visual Studio Solution File, Format Version 12.00
# Visual Studio Version 17
VisualStudioVersion = 17.4.33110.190
MinimumVisualStudioVersion = 10.0.40219.1
Project("{FAE04EC0-301F-11D3-BF4B-00C04F79EFBC}") = "LoginFormWithDataBase", "LoginFormWithDataBase.csproj", "{DF28EF32-D189-4DE6-B6CA-9429D393124B}"
EndProject
Global
	GlobalSection(SolutionConfigurationPlatforms) = preSolution
		Debug|Any CPU = Debug|Any CPU
		Release|Any CPU = Release|Any CPU
	EndGlobalSection
	GlobalSection(ProjectConfigurationPlatforms) = postSolution
		{DF28EF32-D189-4DE6-B6CA-9429D393124B}.Debug|Any CPU.ActiveCfg = Debug|Any CPU
		{DF28EF32-D189-4DE6-B6CA-9429D393124B}.Debug|Any CPU.Build.0 = Debug|Any CPU
		{DF28EF32-D189-4DE6-B6CA-9429D393124B}.Release|Any CPU.ActiveCfg = Release|Any CPU
		{DF28EF32-D189-4DE6-B6CA-9429D393124B}.Release|Any CPU.Build.0 = Release|Any CPU
	EndGlobalSection
	GlobalSection(SolutionProperties) = preSolution
		HideSolutionNode = FALSE
	EndGlobalSection
	GlobalSection(ExtensibilityGlobals) = postSolution
		SolutionGuid = {7EF4B47A-0E3D-4F4B-A4E4-9BDBEAF09AE7}
	EndGlobalSection
EndGlobal
